
Microsoft Visual Studio Solution File, Format Version 12.00
# Visual Studio Version 17
VisualStudioVersion = 17.0.31919.166
MinimumVisualStudioVersion = 10.0.40219.1
Project("{FAE04EC0-301F-11D3-BF4B-00C04F79EFBC}") = "Todo", "Todo.csproj", "{3F29FB2E-C061-4C7D-8797-AD998354AB24}"
EndProject
Global
	GlobalSection(SolutionConfigurationPlatforms) = preSolution
		Debug|Any CPU = Debug|Any CPU
		Release|Any CPU = Release|Any CPU
	EndGlobalSection
	GlobalSection(ProjectConfigurationPlatforms) = postSolution
		{3F29FB2E-C061-4C7D-8797-AD998354AB24}.Debug|Any CPU.ActiveCfg = Debug|Any CPU
		{3F29FB2E-C061-4C7D-8797-AD998354AB24}.Debug|Any CPU.Build.0 = Debug|Any CPU
		{3F29FB2E-C061-4C7D-8797-AD998354AB24}.Release|Any CPU.ActiveCfg = Release|Any CPU
		{3F29FB2E-C061-4C7D-8797-AD998354AB24}.Release|Any CPU.Build.0 = Release|Any CPU
	EndGlobalSection
	GlobalSection(SolutionProperties) = preSolution
		HideSolutionNode = FALSE
	EndGlobalSection
	GlobalSection(ExtensibilityGlobals) = postSolution
		SolutionGuid = {BB9EBC8D-DDCC-4950-AF9F-0650BB0596CD}
	EndGlobalSection
EndGlobal
